
Microsoft Visual Studio Solution File, Format Version 12.00
# Visual Studio Version 17
VisualStudioVersion = 17.0.32112.339
MinimumVisualStudioVersion = 10.0.40219.1
Project("{FAE04EC0-301F-11D3-BF4B-00C04F79EFBC}") = "BMI", "BMI\BMI.csproj", "{40175D03-D449-47C5-A911-37370B4BCCE6}"
EndProject
Global
	GlobalSection(SolutionConfigurationPlatforms) = preSolution
		Debug|Any CPU = Debug|Any CPU
		Release|Any CPU = Release|Any CPU
	EndGlobalSection
	GlobalSection(ProjectConfigurationPlatforms) = postSolution
		{40175D03-D449-47C5-A911-37370B4BCCE6}.Debug|Any CPU.ActiveCfg = Debug|Any CPU
		{40175D03-D449-47C5-A911-37370B4BCCE6}.Debug|Any CPU.Build.0 = Debug|Any CPU
		{40175D03-D449-47C5-A911-37370B4BCCE6}.Release|Any CPU.ActiveCfg = Release|Any CPU
		{40175D03-D449-47C5-A911-37370B4BCCE6}.Release|Any CPU.Build.0 = Release|Any CPU
	EndGlobalSection
	GlobalSection(SolutionProperties) = preSolution
		HideSolutionNode = FALSE
	EndGlobalSection
	GlobalSection(ExtensibilityGlobals) = postSolution
		SolutionGuid = {3BC77B65-D171-48B2-86EC-ADEF4ED7E723}
	EndGlobalSection
EndGlobal
