
Microsoft Visual Studio Solution File, Format Version 12.00
# Visual Studio Version 17
VisualStudioVersion = 17.2.32616.157
MinimumVisualStudioVersion = 10.0.40219.1
Project("{FAE04EC0-301F-11D3-BF4B-00C04F79EFBC}") = "BMICalculator", "BMICalculator\BMICalculator.csproj", "{65388240-6741-4779-831D-D6B744E2389A}"
EndProject
Global
	GlobalSection(SolutionConfigurationPlatforms) = preSolution
		Debug|Any CPU = Debug|Any CPU
		Release|Any CPU = Release|Any CPU
	EndGlobalSection
	GlobalSection(ProjectConfigurationPlatforms) = postSolution
		{65388240-6741-4779-831D-D6B744E2389A}.Debug|Any CPU.ActiveCfg = Debug|Any CPU
		{65388240-6741-4779-831D-D6B744E2389A}.Debug|Any CPU.Build.0 = Debug|Any CPU
		{65388240-6741-4779-831D-D6B744E2389A}.Release|Any CPU.ActiveCfg = Release|Any CPU
		{65388240-6741-4779-831D-D6B744E2389A}.Release|Any CPU.Build.0 = Release|Any CPU
	EndGlobalSection
	GlobalSection(SolutionProperties) = preSolution
		HideSolutionNode = FALSE
	EndGlobalSection
	GlobalSection(ExtensibilityGlobals) = postSolution
		SolutionGuid = {DFF77B4D-C89C-4571-B965-51BFB2BCE45E}
	EndGlobalSection
EndGlobal
