
Microsoft Visual Studio Solution File, Format Version 12.00
# Visual Studio Version 17
VisualStudioVersion = 17.0.32126.317
MinimumVisualStudioVersion = 10.0.40219.1
Project("{FAE04EC0-301F-11D3-BF4B-00C04F79EFBC}") = "Chapter 9 Lab 2", "Chapter 9 Lab 2\Chapter 9 Lab 2.csproj", "{EE25C745-9D60-4BE6-A086-3461B2DD1B85}"
EndProject
Global
	GlobalSection(SolutionConfigurationPlatforms) = preSolution
		Debug|Any CPU = Debug|Any CPU
		Release|Any CPU = Release|Any CPU
	EndGlobalSection
	GlobalSection(ProjectConfigurationPlatforms) = postSolution
		{EE25C745-9D60-4BE6-A086-3461B2DD1B85}.Debug|Any CPU.ActiveCfg = Debug|Any CPU
		{EE25C745-9D60-4BE6-A086-3461B2DD1B85}.Debug|Any CPU.Build.0 = Debug|Any CPU
		{EE25C745-9D60-4BE6-A086-3461B2DD1B85}.Release|Any CPU.ActiveCfg = Release|Any CPU
		{EE25C745-9D60-4BE6-A086-3461B2DD1B85}.Release|Any CPU.Build.0 = Release|Any CPU
	EndGlobalSection
	GlobalSection(SolutionProperties) = preSolution
		HideSolutionNode = FALSE
	EndGlobalSection
	GlobalSection(ExtensibilityGlobals) = postSolution
		SolutionGuid = {20282947-E514-4DB3-BF53-70BD69A7B1B4}
	EndGlobalSection
EndGlobal
