
Microsoft Visual Studio Solution File, Format Version 12.00
# Visual Studio Version 16
VisualStudioVersion = 16.0.31410.357
MinimumVisualStudioVersion = 10.0.40219.1
Project("{FAE04EC0-301F-11D3-BF4B-00C04F79EFBC}") = "Ch.3 Lab", "Ch.3 Lab\Ch.3 Lab.csproj", "{CDE51A07-9E88-4220-A153-16FC51637EDA}"
EndProject
Global
	GlobalSection(SolutionConfigurationPlatforms) = preSolution
		Debug|Any CPU = Debug|Any CPU
		Release|Any CPU = Release|Any CPU
	EndGlobalSection
	GlobalSection(ProjectConfigurationPlatforms) = postSolution
		{CDE51A07-9E88-4220-A153-16FC51637EDA}.Debug|Any CPU.ActiveCfg = Debug|Any CPU
		{CDE51A07-9E88-4220-A153-16FC51637EDA}.Debug|Any CPU.Build.0 = Debug|Any CPU
		{CDE51A07-9E88-4220-A153-16FC51637EDA}.Release|Any CPU.ActiveCfg = Release|Any CPU
		{CDE51A07-9E88-4220-A153-16FC51637EDA}.Release|Any CPU.Build.0 = Release|Any CPU
	EndGlobalSection
	GlobalSection(SolutionProperties) = preSolution
		HideSolutionNode = FALSE
	EndGlobalSection
	GlobalSection(ExtensibilityGlobals) = postSolution
		SolutionGuid = {562E9B6E-C7BA-4E77-AF78-CA4C292C9FBE}
	EndGlobalSection
EndGlobal
