
Microsoft Visual Studio Solution File, Format Version 12.00
# Visual Studio Version 16
VisualStudioVersion = 16.0.30804.86
MinimumVisualStudioVersion = 10.0.40219.1
Project("{FAE04EC0-301F-11D3-BF4B-00C04F79EFBC}") = "Ch10Lab1", "Ch10Lab1\Ch10Lab1.csproj", "{3EC55F0E-0AA5-47D4-8565-F5E406998EF9}"
EndProject
Global
	GlobalSection(SolutionConfigurationPlatforms) = preSolution
		Debug|Any CPU = Debug|Any CPU
		Release|Any CPU = Release|Any CPU
	EndGlobalSection
	GlobalSection(ProjectConfigurationPlatforms) = postSolution
		{3EC55F0E-0AA5-47D4-8565-F5E406998EF9}.Debug|Any CPU.ActiveCfg = Debug|Any CPU
		{3EC55F0E-0AA5-47D4-8565-F5E406998EF9}.Debug|Any CPU.Build.0 = Debug|Any CPU
		{3EC55F0E-0AA5-47D4-8565-F5E406998EF9}.Release|Any CPU.ActiveCfg = Release|Any CPU
		{3EC55F0E-0AA5-47D4-8565-F5E406998EF9}.Release|Any CPU.Build.0 = Release|Any CPU
	EndGlobalSection
	GlobalSection(SolutionProperties) = preSolution
		HideSolutionNode = FALSE
	EndGlobalSection
	GlobalSection(ExtensibilityGlobals) = postSolution
		SolutionGuid = {826605A2-9F60-4B71-A9A5-FB88789BEC0B}
	EndGlobalSection
EndGlobal
