
Microsoft Visual Studio Solution File, Format Version 12.00
# Visual Studio Version 17
VisualStudioVersion = 17.2.32616.157
MinimumVisualStudioVersion = 10.0.40219.1
Project("{FAE04EC0-301F-11D3-BF4B-00C04F79EFBC}") = "GuessingGame", "GuessingGame\GuessingGame.csproj", "{018F331F-CF6E-4F4A-B22A-750D9447B7D7}"
EndProject
Global
	GlobalSection(SolutionConfigurationPlatforms) = preSolution
		Debug|Any CPU = Debug|Any CPU
		Release|Any CPU = Release|Any CPU
	EndGlobalSection
	GlobalSection(ProjectConfigurationPlatforms) = postSolution
		{018F331F-CF6E-4F4A-B22A-750D9447B7D7}.Debug|Any CPU.ActiveCfg = Debug|Any CPU
		{018F331F-CF6E-4F4A-B22A-750D9447B7D7}.Debug|Any CPU.Build.0 = Debug|Any CPU
		{018F331F-CF6E-4F4A-B22A-750D9447B7D7}.Release|Any CPU.ActiveCfg = Release|Any CPU
		{018F331F-CF6E-4F4A-B22A-750D9447B7D7}.Release|Any CPU.Build.0 = Release|Any CPU
	EndGlobalSection
	GlobalSection(SolutionProperties) = preSolution
		HideSolutionNode = FALSE
	EndGlobalSection
	GlobalSection(ExtensibilityGlobals) = postSolution
		SolutionGuid = {8F1C03F2-3D47-44E7-B508-993E869C0E5F}
	EndGlobalSection
EndGlobal
