
Microsoft Visual Studio Solution File, Format Version 12.00
# Visual Studio Version 17
VisualStudioVersion = 17.2.32616.157
MinimumVisualStudioVersion = 10.0.40219.1
Project("{9A19103F-16F7-4668-BE54-9A1E7A4F7556}") = "TempCalc", "TempCalc\TempCalc.csproj", "{A6CC98CD-66CF-45F5-8431-2DB054924151}"
EndProject
Project("{FAE04EC0-301F-11D3-BF4B-00C04F79EFBC}") = "MoreControls", "MoreControls\MoreControls.csproj", "{1C1977FD-51EF-48B8-9555-34818E69BB73}"
EndProject
Global
	GlobalSection(SolutionConfigurationPlatforms) = preSolution
		Debug|Any CPU = Debug|Any CPU
		Release|Any CPU = Release|Any CPU
	EndGlobalSection
	GlobalSection(ProjectConfigurationPlatforms) = postSolution
		{A6CC98CD-66CF-45F5-8431-2DB054924151}.Debug|Any CPU.ActiveCfg = Debug|Any CPU
		{A6CC98CD-66CF-45F5-8431-2DB054924151}.Debug|Any CPU.Build.0 = Debug|Any CPU
		{A6CC98CD-66CF-45F5-8431-2DB054924151}.Release|Any CPU.ActiveCfg = Release|Any CPU
		{A6CC98CD-66CF-45F5-8431-2DB054924151}.Release|Any CPU.Build.0 = Release|Any CPU
		{1C1977FD-51EF-48B8-9555-34818E69BB73}.Debug|Any CPU.ActiveCfg = Debug|Any CPU
		{1C1977FD-51EF-48B8-9555-34818E69BB73}.Debug|Any CPU.Build.0 = Debug|Any CPU
		{1C1977FD-51EF-48B8-9555-34818E69BB73}.Release|Any CPU.ActiveCfg = Release|Any CPU
		{1C1977FD-51EF-48B8-9555-34818E69BB73}.Release|Any CPU.Build.0 = Release|Any CPU
	EndGlobalSection
	GlobalSection(SolutionProperties) = preSolution
		HideSolutionNode = FALSE
	EndGlobalSection
	GlobalSection(ExtensibilityGlobals) = postSolution
		SolutionGuid = {9B1E6D63-D081-4F28-8BBB-DEADF937F1DC}
	EndGlobalSection
EndGlobal
