
Microsoft Visual Studio Solution File, Format Version 12.00
# Visual Studio Version 17
VisualStudioVersion = 17.3.32819.101
MinimumVisualStudioVersion = 10.0.40219.1
Project("{FAE04EC0-301F-11D3-BF4B-00C04F79EFBC}") = "FinalExamples", "FinalExamples\FinalExamples.csproj", "{98ACF908-2562-4B2E-8B72-A096B12FB9D5}"
EndProject
Global
	GlobalSection(SolutionConfigurationPlatforms) = preSolution
		Debug|Any CPU = Debug|Any CPU
		Release|Any CPU = Release|Any CPU
	EndGlobalSection
	GlobalSection(ProjectConfigurationPlatforms) = postSolution
		{98ACF908-2562-4B2E-8B72-A096B12FB9D5}.Debug|Any CPU.ActiveCfg = Debug|Any CPU
		{98ACF908-2562-4B2E-8B72-A096B12FB9D5}.Debug|Any CPU.Build.0 = Debug|Any CPU
		{98ACF908-2562-4B2E-8B72-A096B12FB9D5}.Release|Any CPU.ActiveCfg = Release|Any CPU
		{98ACF908-2562-4B2E-8B72-A096B12FB9D5}.Release|Any CPU.Build.0 = Release|Any CPU
	EndGlobalSection
	GlobalSection(SolutionProperties) = preSolution
		HideSolutionNode = FALSE
	EndGlobalSection
	GlobalSection(ExtensibilityGlobals) = postSolution
		SolutionGuid = {10F8FBF7-1B6B-4AD3-A73E-F5643B5704AF}
	EndGlobalSection
EndGlobal
