
Microsoft Visual Studio Solution File, Format Version 12.00
# Visual Studio Version 17
VisualStudioVersion = 17.0.32126.317
MinimumVisualStudioVersion = 10.0.40219.1
Project("{FAE04EC0-301F-11D3-BF4B-00C04F79EFBC}") = "Chapter 10 Lab 3", "Chapter 10 Lab 3\Chapter 10 Lab 3.csproj", "{0E003AF3-A761-47CA-88E1-DFC463E1A88B}"
EndProject
Global
	GlobalSection(SolutionConfigurationPlatforms) = preSolution
		Debug|Any CPU = Debug|Any CPU
		Release|Any CPU = Release|Any CPU
	EndGlobalSection
	GlobalSection(ProjectConfigurationPlatforms) = postSolution
		{0E003AF3-A761-47CA-88E1-DFC463E1A88B}.Debug|Any CPU.ActiveCfg = Debug|Any CPU
		{0E003AF3-A761-47CA-88E1-DFC463E1A88B}.Debug|Any CPU.Build.0 = Debug|Any CPU
		{0E003AF3-A761-47CA-88E1-DFC463E1A88B}.Release|Any CPU.ActiveCfg = Release|Any CPU
		{0E003AF3-A761-47CA-88E1-DFC463E1A88B}.Release|Any CPU.Build.0 = Release|Any CPU
	EndGlobalSection
	GlobalSection(SolutionProperties) = preSolution
		HideSolutionNode = FALSE
	EndGlobalSection
	GlobalSection(ExtensibilityGlobals) = postSolution
		SolutionGuid = {A4BF894F-6F72-4E61-BACF-0DFE0CA7AC48}
	EndGlobalSection
EndGlobal
